
Microsoft Visual Studio Solution File, Format Version 12.00
# Visual Studio Version 17
VisualStudioVersion = 17.8.34330.188
MinimumVisualStudioVersion = 10.0.40219.1
Project("{FAE04EC0-301F-11D3-BF4B-00C04F79EFBC}") = "ReadFileDesktopApplication", "ReadFileDesktopApplication.csproj", "{7AD646F4-3B64-4F67-9621-BA41288793F2}"
EndProject
Global
	GlobalSection(SolutionConfigurationPlatforms) = preSolution
		Debug|Any CPU = Debug|Any CPU
		Release|Any CPU = Release|Any CPU
	EndGlobalSection
	GlobalSection(ProjectConfigurationPlatforms) = postSolution
		{7AD646F4-3B64-4F67-9621-BA41288793F2}.Debug|Any CPU.ActiveCfg = Debug|Any CPU
		{7AD646F4-3B64-4F67-9621-BA41288793F2}.Debug|Any CPU.Build.0 = Debug|Any CPU
		{7AD646F4-3B64-4F67-9621-BA41288793F2}.Release|Any CPU.ActiveCfg = Release|Any CPU
		{7AD646F4-3B64-4F67-9621-BA41288793F2}.Release|Any CPU.Build.0 = Release|Any CPU
	EndGlobalSection
	GlobalSection(SolutionProperties) = preSolution
		HideSolutionNode = FALSE
	EndGlobalSection
	GlobalSection(ExtensibilityGlobals) = postSolution
		SolutionGuid = {D0882494-78C8-4DAC-97EB-70B677D9E9FF}
	EndGlobalSection
EndGlobal
